
Microsoft Visual Studio Solution File, Format Version 12.00
# Visual Studio Version 17
VisualStudioVersion = 17.8.34316.72
MinimumVisualStudioVersion = 10.0.40219.1
Project("{FAE04EC0-301F-11D3-BF4B-00C04F79EFBC}") = "cars-copy3", "cars-copy3\cars-copy3.csproj", "{00F1DB08-328C-4F97-9EEB-2C55721E77FC}"
EndProject
Global
	GlobalSection(SolutionConfigurationPlatforms) = preSolution
		Debug|Any CPU = Debug|Any CPU
		Release|Any CPU = Release|Any CPU
	EndGlobalSection
	GlobalSection(ProjectConfigurationPlatforms) = postSolution
		{00F1DB08-328C-4F97-9EEB-2C55721E77FC}.Debug|Any CPU.ActiveCfg = Debug|Any CPU
		{00F1DB08-328C-4F97-9EEB-2C55721E77FC}.Debug|Any CPU.Build.0 = Debug|Any CPU
		{00F1DB08-328C-4F97-9EEB-2C55721E77FC}.Release|Any CPU.ActiveCfg = Release|Any CPU
		{00F1DB08-328C-4F97-9EEB-2C55721E77FC}.Release|Any CPU.Build.0 = Release|Any CPU
	EndGlobalSection
	GlobalSection(SolutionProperties) = preSolution
		HideSolutionNode = FALSE
	EndGlobalSection
	GlobalSection(ExtensibilityGlobals) = postSolution
		SolutionGuid = {39E4ADCF-5263-4DFB-98DE-36D56E2D60F2}
	EndGlobalSection
EndGlobal
